<?xml version="1.0" encoding="utf-8"?>
<Project ToolsVersion="4.0" xmlns="http://schemas.microsoft.com/developer/msbuild/2003">
  <ItemGroup>
    <Filter Include="App">
      <UniqueIdentifier>{94793b1d-8fed-45b9-b5b1-15f78bb13733}</UniqueIdentifier>
    </Filter>
    <Filter Include="GUI">
      <UniqueIdentifier>{d5ba5587-28e3-4a2d-9a20-f7914e32de2e}</UniqueIdentifier>
    </Filter>
    <Filter Include="Input">
      <UniqueIdentifier>{17f6d362-4f97-4f37-af1a-633e483bd001}</UniqueIdentifier>
    </Filter>
    <Filter Include="Network">
      <UniqueIdentifier>{5644dd32-bdb1-443a-8552-3f8328a3342d}</UniqueIdentifier>
    </Filter>
    <Filter Include="Physics">
      <UniqueIdentifier>{3809428d-dacf-48be-89bd-09db91a40604}</UniqueIdentifier>
    </Filter>
    <Filter Include="Render">
      <UniqueIdentifier>{fce99371-401e-409d-b03d-08ff6d91054f}</UniqueIdentifier>
    </Filter>
    <Filter Include="Core">
      <UniqueIdentifier>{2a8a6c39-f814-4869-84fa-36de3890b8ce}</UniqueIdentifier>
    </Filter>
    <Filter Include="Resource">
      <UniqueIdentifier>{c58d8c58-3092-4c3e-9d83-eeb86ba10c35}</UniqueIdentifier>
    </Filter>
    <Filter Include="ThirdParty">
      <UniqueIdentifier>{0796dc35-21ce-4a80-9a7c-2116dea8bf5c}</UniqueIdentifier>
    </Filter>
    <Filter Include="ThirdParty\lodepng">
      <UniqueIdentifier>{1c11e18b-f6d9-4c1d-9dc6-1a5ca957f328}</UniqueIdentifier>
    </Filter>
    <Filter Include="Math">
      <UniqueIdentifier>{5e6754b7-512c-4f27-9868-49550fff5e6a}</UniqueIdentifier>
    </Filter>
    <Filter Include="Game">
      <UniqueIdentifier>{f5768100-9782-4fcd-8007-add422f95782}</UniqueIdentifier>
    </Filter>
  </ItemGroup>
  <ItemGroup>
    <ClInclude Include="Core\BufferSizeDefine.h">
      <Filter>Core</Filter>
    </ClInclude>
    <ClInclude Include="Core\CoreHeaders.h">
      <Filter>Core</Filter>
    </ClInclude>
    <ClInclude Include="Core\DebugOutput.h">
      <Filter>Core</Filter>
    </ClInclude>
    <ClInclude Include="Core\PlatformDetect.h">
      <Filter>Core</Filter>
    </ClInclude>
    <ClInclude Include="Core\RefCount.h">
      <Filter>Core</Filter>
    </ClInclude>
    <ClInclude Include="Core\StringHelper.h">
      <Filter>Core</Filter>
    </ClInclude>
    <ClInclude Include="Core\TypeDefine.h">
      <Filter>Core</Filter>
    </ClInclude>
    <ClInclude Include="App\GameApp.h">
      <Filter>App</Filter>
    </ClInclude>
    <ClInclude Include="App\ScreenManager.h">
      <Filter>App</Filter>
    </ClInclude>
    <ClInclude Include="App\Timer.h">
      <Filter>App</Filter>
    </ClInclude>
    <ClInclude Include="Input\InputDefine.h">
      <Filter>Input</Filter>
    </ClInclude>
    <ClInclude Include="Input\InputManager.h">
      <Filter>Input</Filter>
    </ClInclude>
    <ClInclude Include="Input\InputMapper_glfw.h">
      <Filter>Input</Filter>
    </ClInclude>
    <ClInclude Include="Network\BaseNetworkStruct.h">
      <Filter>Network</Filter>
    </ClInclude>
    <ClInclude Include="Network\Client.h">
      <Filter>Network</Filter>
    </ClInclude>
    <ClInclude Include="Network\ClientControl.h">
      <Filter>Network</Filter>
    </ClInclude>
    <ClInclude Include="Network\EncryptionHelper.h">
      <Filter>Network</Filter>
    </ClInclude>
    <ClInclude Include="Network\NetworkManager.h">
      <Filter>Network</Filter>
    </ClInclude>
    <ClInclude Include="Network\RemoteIO.h">
      <Filter>Network</Filter>
    </ClInclude>
    <ClInclude Include="Network\Server.h">
      <Filter>Network</Filter>
    </ClInclude>
    <ClInclude Include="Network\ServerControl.h">
      <Filter>Network</Filter>
    </ClInclude>
    <ClInclude Include="Network\SocketHeaders.h">
      <Filter>Network</Filter>
    </ClInclude>
    <ClInclude Include="Physics\Collider.h">
      <Filter>Physics</Filter>
    </ClInclude>
    <ClInclude Include="Physics\CollisionManager.h">
      <Filter>Physics</Filter>
    </ClInclude>
    <ClInclude Include="Physics\CutHelper.h">
      <Filter>Physics</Filter>
    </ClInclude>
    <ClInclude Include="Physics\PhysicsConstants.h">
      <Filter>Physics</Filter>
    </ClInclude>
    <ClInclude Include="Physics\PhysicsStructs.h">
      <Filter>Physics</Filter>
    </ClInclude>
    <ClInclude Include="Physics\RigidBody.h">
      <Filter>Physics</Filter>
    </ClInclude>
    <ClInclude Include="Render\FBOManager.h">
      <Filter>Render</Filter>
    </ClInclude>
    <ClInclude Include="Render\RenderManager.h">
      <Filter>Render</Filter>
    </ClInclude>
    <ClInclude Include="Render\RenderManager_Defines.h">
      <Filter>Render</Filter>
    </ClInclude>
    <ClInclude Include="Core\GLEW_GLFW.h">
      <Filter>Core</Filter>
    </ClInclude>
    <ClInclude Include="Resource\ResourceManager.h">
      <Filter>Resource</Filter>
    </ClInclude>
    <ClInclude Include="Resource\ResourceStructDefines.h">
      <Filter>Resource</Filter>
    </ClInclude>
    <ClInclude Include="Resource\Mesh.h">
      <Filter>Resource</Filter>
    </ClInclude>
    <ClInclude Include="Resource\Model.h">
      <Filter>Resource</Filter>
    </ClInclude>
    <ClInclude Include="..\ThirdParty\LodePNG\lodepng.h">
      <Filter>ThirdParty\lodepng</Filter>
    </ClInclude>
    <ClInclude Include="Math\CollisionHelper.h">
      <Filter>Math</Filter>
    </ClInclude>
    <ClInclude Include="Math\MathHelper.h">
      <Filter>Math</Filter>
    </ClInclude>
    <ClInclude Include="Game\Camera.h">
      <Filter>Game</Filter>
    </ClInclude>
    <ClInclude Include="Game\DefaultCameraControl.h">
      <Filter>Game</Filter>
    </ClInclude>
    <ClInclude Include="Game\GameObject.h">
      <Filter>Game</Filter>
    </ClInclude>
    <ClInclude Include="Game\GameObjectComponent.h">
      <Filter>Game</Filter>
    </ClInclude>
    <ClInclude Include="Game\Scene.h">
      <Filter>Game</Filter>
    </ClInclude>
    <ClInclude Include="Resource\CollisionMesh.h">
      <Filter>Resource</Filter>
    </ClInclude>
    <ClInclude Include="Render\OpenGL_ErrorCheck.h">
      <Filter>Render</Filter>
    </ClInclude>
    <ClInclude Include="Core\GlobalSetting.h">
      <Filter>Core</Filter>
    </ClInclude>
  </ItemGroup>
  <ItemGroup>
    <ClCompile Include="Core\DebugOutput.cpp">
      <Filter>Core</Filter>
    </ClCompile>
    <ClCompile Include="Core\StringHelper.cpp">
      <Filter>Core</Filter>
    </ClCompile>
    <ClCompile Include="App\GameApp.cpp">
      <Filter>App</Filter>
    </ClCompile>
    <ClCompile Include="App\ScreenManager.cpp">
      <Filter>App</Filter>
    </ClCompile>
    <ClCompile Include="App\Timer.cpp">
      <Filter>App</Filter>
    </ClCompile>
    <ClCompile Include="Input\InputManager.cpp">
      <Filter>Input</Filter>
    </ClCompile>
    <ClCompile Include="Input\InputMapper_glfw.cpp">
      <Filter>Input</Filter>
    </ClCompile>
    <ClCompile Include="Network\Client.cpp">
      <Filter>Network</Filter>
    </ClCompile>
    <ClCompile Include="Network\ClientControl.cpp">
      <Filter>Network</Filter>
    </ClCompile>
    <ClCompile Include="Network\EncryptionHelper.cpp">
      <Filter>Network</Filter>
    </ClCompile>
    <ClCompile Include="Network\NetworkManager.cpp">
      <Filter>Network</Filter>
    </ClCompile>
    <ClCompile Include="Network\RemoteIO.cpp">
      <Filter>Network</Filter>
    </ClCompile>
    <ClCompile Include="Network\Server.cpp">
      <Filter>Network</Filter>
    </ClCompile>
    <ClCompile Include="Network\ServerControl.cpp">
      <Filter>Network</Filter>
    </ClCompile>
    <ClCompile Include="Physics\Collider.cpp">
      <Filter>Physics</Filter>
    </ClCompile>
    <ClCompile Include="Physics\CollisionManager.cpp">
      <Filter>Physics</Filter>
    </ClCompile>
    <ClCompile Include="Physics\CutHelper.cpp">
      <Filter>Physics</Filter>
    </ClCompile>
    <ClCompile Include="Physics\PhysicsConstants.cpp">
      <Filter>Physics</Filter>
    </ClCompile>
    <ClCompile Include="Physics\RigidBody.cpp">
      <Filter>Physics</Filter>
    </ClCompile>
    <ClCompile Include="Render\FBOManager.cpp">
      <Filter>Render</Filter>
    </ClCompile>
    <ClCompile Include="Render\RenderManager.cpp">
      <Filter>Render</Filter>
    </ClCompile>
    <ClCompile Include="Resource\ResourceManager.cpp">
      <Filter>Resource</Filter>
    </ClCompile>
    <ClCompile Include="Resource\Mesh.cpp">
      <Filter>Resource</Filter>
    </ClCompile>
    <ClCompile Include="Resource\Model.cpp">
      <Filter>Resource</Filter>
    </ClCompile>
    <ClCompile Include="..\ThirdParty\LodePNG\lodepng.cpp">
      <Filter>ThirdParty\lodepng</Filter>
    </ClCompile>
    <ClCompile Include="Math\CollisionHelper.cpp">
      <Filter>Math</Filter>
    </ClCompile>
    <ClCompile Include="Math\MathHelper.cpp">
      <Filter>Math</Filter>
    </ClCompile>
    <ClCompile Include="Game\Camera.cpp">
      <Filter>Game</Filter>
    </ClCompile>
    <ClCompile Include="Game\DefaultCameraControl.cpp">
      <Filter>Game</Filter>
    </ClCompile>
    <ClCompile Include="Game\GameObject.cpp">
      <Filter>Game</Filter>
    </ClCompile>
    <ClCompile Include="Game\GameObjectComponent.cpp">
      <Filter>Game</Filter>
    </ClCompile>
    <ClCompile Include="Game\Scene.cpp">
      <Filter>Game</Filter>
    </ClCompile>
    <ClCompile Include="Resource\CollisionMesh.cpp">
      <Filter>Resource</Filter>
    </ClCompile>
    <ClCompile Include="Core\GlobalSetting.cpp">
      <Filter>Core</Filter>
    </ClCompile>
  </ItemGroup>
</Project>